
Microsoft Visual Studio Solution File, Format Version 12.00
# Visual Studio Version 16
VisualStudioVersion = 16.0.29009.5
MinimumVisualStudioVersion = 10.0.40219.1
Project("{9A19103F-16F7-4668-BE54-9A1E7A4F7556}") = "NumberToWordConverter", "NumberToWordConverter\NumberToWordConverter.csproj", "{36AB38DA-5C5B-4014-96B8-29D4046CFE61}"
EndProject
Project("{FAE04EC0-301F-11D3-BF4B-00C04F79EFBC}") = "ExampleOne", "ExampleOne\ExampleOne.csproj", "{44255D73-89E3-48D4-8024-693F4EED2134}"
EndProject
Global
	GlobalSection(SolutionConfigurationPlatforms) = preSolution
		Debug|Any CPU = Debug|Any CPU
		Release|Any CPU = Release|Any CPU
	EndGlobalSection
	GlobalSection(ProjectConfigurationPlatforms) = postSolution
		{36AB38DA-5C5B-4014-96B8-29D4046CFE61}.Debug|Any CPU.ActiveCfg = Debug|Any CPU
		{36AB38DA-5C5B-4014-96B8-29D4046CFE61}.Debug|Any CPU.Build.0 = Debug|Any CPU
		{36AB38DA-5C5B-4014-96B8-29D4046CFE61}.Release|Any CPU.ActiveCfg = Release|Any CPU
		{36AB38DA-5C5B-4014-96B8-29D4046CFE61}.Release|Any CPU.Build.0 = Release|Any CPU
		{44255D73-89E3-48D4-8024-693F4EED2134}.Debug|Any CPU.ActiveCfg = Debug|Any CPU
		{44255D73-89E3-48D4-8024-693F4EED2134}.Debug|Any CPU.Build.0 = Debug|Any CPU
		{44255D73-89E3-48D4-8024-693F4EED2134}.Release|Any CPU.ActiveCfg = Release|Any CPU
		{44255D73-89E3-48D4-8024-693F4EED2134}.Release|Any CPU.Build.0 = Release|Any CPU
	EndGlobalSection
	GlobalSection(SolutionProperties) = preSolution
		HideSolutionNode = FALSE
	EndGlobalSection
	GlobalSection(ExtensibilityGlobals) = postSolution
		SolutionGuid = {14BB4A90-EEC0-4DC3-AA85-B4A91D3BC190}
	EndGlobalSection
EndGlobal
